{
  "name": "discovr",
  "version": "1.0.0",
  "lockfileVersion": 1,
  "requires": true,
  "dependencies": {
    "babylonjs": {
      "version": "3.2.0-beta.4",
      "resolved": "https://registry.npmjs.org/babylonjs/-/babylonjs-3.2.0-beta.4.tgz",
      "integrity": "sha512-OPpWns5f7UqzSdgAdmcU9F5Ga4A4rrgROihFG+9T+gO7gNXajMshvNKJOw/eK2Qr7GWqOTNOGwcR+e6qJ5NIoA=="
    }
  }
}
